// !$*UTF8*$!
{
	archiveVersion = 1;
	classes = {
	};
	objectVersion = 48;
	objects = {

/* Begin PBXBuildFile section */
		1038695C20B67A6500A83A74 /* WebServiceClient.swift in Sources */ = {isa = PBXBuildFile; fileRef = 1038695B20B67A6500A83A74 /* WebServiceClient.swift */; };
		1038695E20B67BEB00A83A74 /* Constant.swift in Sources */ = {isa = PBXBuildFile; fileRef = 1038695D20B67BEB00A83A74 /* Constant.swift */; };
		1056CA0A20B57A370052BB66 /* Result.swift in Sources */ = {isa = PBXBuildFile; fileRef = 1056CA0920B57A370052BB66 /* Result.swift */; };
		18AAC7A020A478A100F92EB4 /* ItemListView+collectionView.swift in Sources */ = {isa = PBXBuildFile; fileRef = 18AAC79F20A478A000F92EB4 /* ItemListView+collectionView.swift */; };
		18B1EA9E20A45D33009E175B /* APIResponseClient.swift in Sources */ = {isa = PBXBuildFile; fileRef = 18B1EA9D20A45D32009E175B /* APIResponseClient.swift */; };
		18BE6C8F20ADB7F000E4F3C4 /* CodableModel.swift in Sources */ = {isa = PBXBuildFile; fileRef = 18BE6C8E20ADB7F000E4F3C4 /* CodableModel.swift */; };
		24DA57672090C7E100D08D7C /* ItemDataModel.swift in Sources */ = {isa = PBXBuildFile; fileRef = 24DA57662090C7E100D08D7C /* ItemDataModel.swift */; };
		24DA576A2090D6B800D08D7C /* BusinessDataModel.swift in Sources */ = {isa = PBXBuildFile; fileRef = 24DA57682090D6B800D08D7C /* BusinessDataModel.swift */; };
		24DA576B2090D6B800D08D7C /* ImageDataModel.swift in Sources */ = {isa = PBXBuildFile; fileRef = 24DA57692090D6B800D08D7C /* ImageDataModel.swift */; };
		24DA576E2090E59700D08D7C /* ItemCollectionViewCell.swift in Sources */ = {isa = PBXBuildFile; fileRef = 24DA576D2090E59700D08D7C /* ItemCollectionViewCell.swift */; };
		24DA57702090E81B00D08D7C /* HeaderCell.swift in Sources */ = {isa = PBXBuildFile; fileRef = 24DA576F2090E81B00D08D7C /* HeaderCell.swift */; };
		24DA57722090ED3F00D08D7C /* FooterCell.swift in Sources */ = {isa = PBXBuildFile; fileRef = 24DA57712090ED3F00D08D7C /* FooterCell.swift */; };
		24DA57762090ED7800D08D7C /* FooterCell.xib in Resources */ = {isa = PBXBuildFile; fileRef = 24DA57742090ED7800D08D7C /* FooterCell.xib */; };
		24DA57782090EDA600D08D7C /* HeaderCell.xib in Resources */ = {isa = PBXBuildFile; fileRef = 24DA57772090EDA600D08D7C /* HeaderCell.xib */; };
		9809F9DF2090AE580016C4B3 /* AppDelegate.swift in Sources */ = {isa = PBXBuildFile; fileRef = 9809F9DE2090AE580016C4B3 /* AppDelegate.swift */; };
		9809F9E12090AE580016C4B3 /* ItemListViewController.swift in Sources */ = {isa = PBXBuildFile; fileRef = 9809F9E02090AE580016C4B3 /* ItemListViewController.swift */; };
		9809F9E42090AE580016C4B3 /* Main.storyboard in Resources */ = {isa = PBXBuildFile; fileRef = 9809F9E22090AE580016C4B3 /* Main.storyboard */; };
		9809F9E92090AE580016C4B3 /* Assets.xcassets in Resources */ = {isa = PBXBuildFile; fileRef = 9809F9E82090AE580016C4B3 /* Assets.xcassets */; };
		9809F9EC2090AE580016C4B3 /* LaunchScreen.storyboard in Resources */ = {isa = PBXBuildFile; fileRef = 9809F9EA2090AE580016C4B3 /* LaunchScreen.storyboard */; };
		9809F9F72090AE590016C4B3 /* MachineTestTests.swift in Sources */ = {isa = PBXBuildFile; fileRef = 9809F9F62090AE590016C4B3 /* MachineTestTests.swift */; };
		9809FA022090AE590016C4B3 /* MachineTestUITests.swift in Sources */ = {isa = PBXBuildFile; fileRef = 9809FA012090AE590016C4B3 /* MachineTestUITests.swift */; };
		9809FA162090B0070016C4B3 /* ItemListView.swift in Sources */ = {isa = PBXBuildFile; fileRef = 9809FA152090B0070016C4B3 /* ItemListView.swift */; };
		98A242272090B3AC003EBA15 /* ItemListViewControllerServiceManger.swift in Sources */ = {isa = PBXBuildFile; fileRef = 98A242262090B3AC003EBA15 /* ItemListViewControllerServiceManger.swift */; };
		98A2422A2090B516003EBA15 /* NetworkUtility.swift in Sources */ = {isa = PBXBuildFile; fileRef = 98A242292090B516003EBA15 /* NetworkUtility.swift */; };
		98A2422C2090B7F6003EBA15 /* Utility.swift in Sources */ = {isa = PBXBuildFile; fileRef = 98A2422B2090B7F6003EBA15 /* Utility.swift */; };
		9CEF3A495C5EA2F94A328CDB /* Pods_MachineTest.framework in Frameworks */ = {isa = PBXBuildFile; fileRef = FC47AA381125618118101D92 /* Pods_MachineTest.framework */; };
/* End PBXBuildFile section */

/* Begin PBXContainerItemProxy section */
		9809F9F32090AE590016C4B3 /* PBXContainerItemProxy */ = {
			isa = PBXContainerItemProxy;
			containerPortal = 9809F9D32090AE570016C4B3 /* Project object */;
			proxyType = 1;
			remoteGlobalIDString = 9809F9DA2090AE580016C4B3;
			remoteInfo = MachineTest;
		};
		9809F9FE2090AE590016C4B3 /* PBXContainerItemProxy */ = {
			isa = PBXContainerItemProxy;
			containerPortal = 9809F9D32090AE570016C4B3 /* Project object */;
			proxyType = 1;
			remoteGlobalIDString = 9809F9DA2090AE580016C4B3;
			remoteInfo = MachineTest;
		};
/* End PBXContainerItemProxy section */

/* Begin PBXFileReference section */
		1038695B20B67A6500A83A74 /* WebServiceClient.swift */ = {isa = PBXFileReference; fileEncoding = 4; lastKnownFileType = sourcecode.swift; path = WebServiceClient.swift; sourceTree = "<group>"; };
		1038695D20B67BEB00A83A74 /* Constant.swift */ = {isa = PBXFileReference; lastKnownFileType = sourcecode.swift; path = Constant.swift; sourceTree = "<group>"; };
		1056CA0920B57A370052BB66 /* Result.swift */ = {isa = PBXFileReference; lastKnownFileType = sourcecode.swift; path = Result.swift; sourceTree = "<group>"; };
		18AAC79F20A478A000F92EB4 /* ItemListView+collectionView.swift */ = {isa = PBXFileReference; fileEncoding = 4; lastKnownFileType = sourcecode.swift; path = "ItemListView+collectionView.swift"; sourceTree = "<group>"; };
		18B1EA9D20A45D32009E175B /* APIResponseClient.swift */ = {isa = PBXFileReference; fileEncoding = 4; lastKnownFileType = sourcecode.swift; path = APIResponseClient.swift; sourceTree = "<group>"; };
		18BE6C8E20ADB7F000E4F3C4 /* CodableModel.swift */ = {isa = PBXFileReference; fileEncoding = 4; lastKnownFileType = sourcecode.swift; path = CodableModel.swift; sourceTree = "<group>"; };
		24DA57662090C7E100D08D7C /* ItemDataModel.swift */ = {isa = PBXFileReference; lastKnownFileType = sourcecode.swift; path = ItemDataModel.swift; sourceTree = "<group>"; };
		24DA57682090D6B800D08D7C /* BusinessDataModel.swift */ = {isa = PBXFileReference; fileEncoding = 4; lastKnownFileType = sourcecode.swift; path = BusinessDataModel.swift; sourceTree = "<group>"; };
		24DA57692090D6B800D08D7C /* ImageDataModel.swift */ = {isa = PBXFileReference; fileEncoding = 4; lastKnownFileType = sourcecode.swift; path = ImageDataModel.swift; sourceTree = "<group>"; };
		24DA576D2090E59700D08D7C /* ItemCollectionViewCell.swift */ = {isa = PBXFileReference; lastKnownFileType = sourcecode.swift; path = ItemCollectionViewCell.swift; sourceTree = "<group>"; };
		24DA576F2090E81B00D08D7C /* HeaderCell.swift */ = {isa = PBXFileReference; lastKnownFileType = sourcecode.swift; path = HeaderCell.swift; sourceTree = "<group>"; };
		24DA57712090ED3F00D08D7C /* FooterCell.swift */ = {isa = PBXFileReference; fileEncoding = 4; lastKnownFileType = sourcecode.swift; path = FooterCell.swift; sourceTree = "<group>"; };
		24DA57742090ED7800D08D7C /* FooterCell.xib */ = {isa = PBXFileReference; lastKnownFileType = file.xib; path = FooterCell.xib; sourceTree = "<group>"; };
		24DA57772090EDA600D08D7C /* HeaderCell.xib */ = {isa = PBXFileReference; fileEncoding = 4; lastKnownFileType = file.xib; path = HeaderCell.xib; sourceTree = "<group>"; };
		9809F9DB2090AE580016C4B3 /* MachineTest.app */ = {isa = PBXFileReference; explicitFileType = wrapper.application; includeInIndex = 0; path = MachineTest.app; sourceTree = BUILT_PRODUCTS_DIR; };
		9809F9DE2090AE580016C4B3 /* AppDelegate.swift */ = {isa = PBXFileReference; lastKnownFileType = sourcecode.swift; path = AppDelegate.swift; sourceTree = "<group>"; };
		9809F9E02090AE580016C4B3 /* ItemListViewController.swift */ = {isa = PBXFileReference; lastKnownFileType = sourcecode.swift; path = ItemListViewController.swift; sourceTree = "<group>"; };
		9809F9E32090AE580016C4B3 /* Base */ = {isa = PBXFileReference; lastKnownFileType = file.storyboard; name = Base; path = Base.lproj/Main.storyboard; sourceTree = "<group>"; };
		9809F9E82090AE580016C4B3 /* Assets.xcassets */ = {isa = PBXFileReference; lastKnownFileType = folder.assetcatalog; path = Assets.xcassets; sourceTree = "<group>"; };
		9809F9EB2090AE580016C4B3 /* Base */ = {isa = PBXFileReference; lastKnownFileType = file.storyboard; name = Base; path = Base.lproj/LaunchScreen.storyboard; sourceTree = "<group>"; };
		9809F9ED2090AE580016C4B3 /* Info.plist */ = {isa = PBXFileReference; lastKnownFileType = text.plist.xml; path = Info.plist; sourceTree = "<group>"; };
		9809F9F22090AE580016C4B3 /* MachineTestTests.xctest */ = {isa = PBXFileReference; explicitFileType = wrapper.cfbundle; includeInIndex = 0; path = MachineTestTests.xctest; sourceTree = BUILT_PRODUCTS_DIR; };
		9809F9F62090AE590016C4B3 /* MachineTestTests.swift */ = {isa = PBXFileReference; lastKnownFileType = sourcecode.swift; path = MachineTestTests.swift; sourceTree = "<group>"; };
		9809F9F82090AE590016C4B3 /* Info.plist */ = {isa = PBXFileReference; lastKnownFileType = text.plist.xml; path = Info.plist; sourceTree = "<group>"; };
		9809F9FD2090AE590016C4B3 /* MachineTestUITests.xctest */ = {isa = PBXFileReference; explicitFileType = wrapper.cfbundle; includeInIndex = 0; path = MachineTestUITests.xctest; sourceTree = BUILT_PRODUCTS_DIR; };
		9809FA012090AE590016C4B3 /* MachineTestUITests.swift */ = {isa = PBXFileReference; lastKnownFileType = sourcecode.swift; path = MachineTestUITests.swift; sourceTree = "<group>"; };
		9809FA032090AE590016C4B3 /* Info.plist */ = {isa = PBXFileReference; lastKnownFileType = text.plist.xml; path = Info.plist; sourceTree = "<group>"; };
		9809FA152090B0070016C4B3 /* ItemListView.swift */ = {isa = PBXFileReference; lastKnownFileType = sourcecode.swift; path = ItemListView.swift; sourceTree = "<group>"; };
		98A242262090B3AC003EBA15 /* ItemListViewControllerServiceManger.swift */ = {isa = PBXFileReference; lastKnownFileType = sourcecode.swift; path = ItemListViewControllerServiceManger.swift; sourceTree = "<group>"; };
		98A242292090B516003EBA15 /* NetworkUtility.swift */ = {isa = PBXFileReference; lastKnownFileType = sourcecode.swift; path = NetworkUtility.swift; sourceTree = "<group>"; };
		98A2422B2090B7F6003EBA15 /* Utility.swift */ = {isa = PBXFileReference; lastKnownFileType = sourcecode.swift; path = Utility.swift; sourceTree = "<group>"; };
		D3AE9F0C1BCF601237AFF1E8 /* Pods-MachineTest.debug.xcconfig */ = {isa = PBXFileReference; includeInIndex = 1; lastKnownFileType = text.xcconfig; name = "Pods-MachineTest.debug.xcconfig"; path = "Pods/Target Support Files/Pods-MachineTest/Pods-MachineTest.debug.xcconfig"; sourceTree = "<group>"; };
		E94E2DDFBE3C985EB07E6290 /* Pods-MachineTest.release.xcconfig */ = {isa = PBXFileReference; includeInIndex = 1; lastKnownFileType = text.xcconfig; name = "Pods-MachineTest.release.xcconfig"; path = "Pods/Target Support Files/Pods-MachineTest/Pods-MachineTest.release.xcconfig"; sourceTree = "<group>"; };
		FC47AA381125618118101D92 /* Pods_MachineTest.framework */ = {isa = PBXFileReference; explicitFileType = wrapper.framework; includeInIndex = 0; path = Pods_MachineTest.framework; sourceTree = BUILT_PRODUCTS_DIR; };
/* End PBXFileReference section */

/* Begin PBXFrameworksBuildPhase section */
		9809F9D82090AE580016C4B3 /* Frameworks */ = {
			isa = PBXFrameworksBuildPhase;
			buildActionMask = 2147483647;
			files = (
				9CEF3A495C5EA2F94A328CDB /* Pods_MachineTest.framework in Frameworks */,
			);
			runOnlyForDeploymentPostprocessing = 0;
		};
		9809F9EF2090AE580016C4B3 /* Frameworks */ = {
			isa = PBXFrameworksBuildPhase;
			buildActionMask = 2147483647;
			files = (
			);
			runOnlyForDeploymentPostprocessing = 0;
		};
		9809F9FA2090AE590016C4B3 /* Frameworks */ = {
			isa = PBXFrameworksBuildPhase;
			buildActionMask = 2147483647;
			files = (
			);
			runOnlyForDeploymentPostprocessing = 0;
		};
/* End PBXFrameworksBuildPhase section */

/* Begin PBXGroup section */
		1016F23720B2DACB006BBE8C /* Utils */ = {
			isa = PBXGroup;
			children = (
				98A2422B2090B7F6003EBA15 /* Utility.swift */,
				1038695D20B67BEB00A83A74 /* Constant.swift */,
			);
			path = Utils;
			sourceTree = "<group>";
		};
		21642B33DC048D0D1AC78892 /* Frameworks */ = {
			isa = PBXGroup;
			children = (
				FC47AA381125618118101D92 /* Pods_MachineTest.framework */,
			);
			name = Frameworks;
			sourceTree = "<group>";
		};
		24DA576C2090E57100D08D7C /* Custom Cell */ = {
			isa = PBXGroup;
			children = (
				24DA576D2090E59700D08D7C /* ItemCollectionViewCell.swift */,
				24DA576F2090E81B00D08D7C /* HeaderCell.swift */,
				24DA57772090EDA600D08D7C /* HeaderCell.xib */,
				24DA57712090ED3F00D08D7C /* FooterCell.swift */,
				24DA57742090ED7800D08D7C /* FooterCell.xib */,
			);
			path = "Custom Cell";
			sourceTree = "<group>";
		};
		9809F9D22090AE570016C4B3 = {
			isa = PBXGroup;
			children = (
				9809F9DD2090AE580016C4B3 /* MachineTest */,
				9809F9F52090AE590016C4B3 /* MachineTestTests */,
				9809FA002090AE590016C4B3 /* MachineTestUITests */,
				9809F9DC2090AE580016C4B3 /* Products */,
				A3D52071712202554F0440EE /* Pods */,
				21642B33DC048D0D1AC78892 /* Frameworks */,
			);
			sourceTree = "<group>";
		};
		9809F9DC2090AE580016C4B3 /* Products */ = {
			isa = PBXGroup;
			children = (
				9809F9DB2090AE580016C4B3 /* MachineTest.app */,
				9809F9F22090AE580016C4B3 /* MachineTestTests.xctest */,
				9809F9FD2090AE590016C4B3 /* MachineTestUITests.xctest */,
			);
			name = Products;
			sourceTree = "<group>";
		};
		9809F9DD2090AE580016C4B3 /* MachineTest */ = {
			isa = PBXGroup;
			children = (
				9809F9DE2090AE580016C4B3 /* AppDelegate.swift */,
				9809FA0F2090AF110016C4B3 /* Data Model */,
				98A242282090B4EE003EBA15 /* Web Service Client */,
				98A242252090B371003EBA15 /* Controller Service Manager */,
				9809FA112090AF480016C4B3 /* View Controller */,
				9809FA122090AF570016C4B3 /* View */,
				9809F9E22090AE580016C4B3 /* Main.storyboard */,
				1016F23720B2DACB006BBE8C /* Utils */,
				9809F9E82090AE580016C4B3 /* Assets.xcassets */,
				9809F9EA2090AE580016C4B3 /* LaunchScreen.storyboard */,
				9809F9ED2090AE580016C4B3 /* Info.plist */,
			);
			path = MachineTest;
			sourceTree = "<group>";
		};
		9809F9F52090AE590016C4B3 /* MachineTestTests */ = {
			isa = PBXGroup;
			children = (
				9809F9F62090AE590016C4B3 /* MachineTestTests.swift */,
				9809F9F82090AE590016C4B3 /* Info.plist */,
			);
			path = MachineTestTests;
			sourceTree = "<group>";
		};
		9809FA002090AE590016C4B3 /* MachineTestUITests */ = {
			isa = PBXGroup;
			children = (
				9809FA012090AE590016C4B3 /* MachineTestUITests.swift */,
				9809FA032090AE590016C4B3 /* Info.plist */,
			);
			path = MachineTestUITests;
			sourceTree = "<group>";
		};
		9809FA0F2090AF110016C4B3 /* Data Model */ = {
			isa = PBXGroup;
			children = (
				1056CA0920B57A370052BB66 /* Result.swift */,
				18BE6C8E20ADB7F000E4F3C4 /* CodableModel.swift */,
				18B1EA9D20A45D32009E175B /* APIResponseClient.swift */,
				24DA57662090C7E100D08D7C /* ItemDataModel.swift */,
				24DA57682090D6B800D08D7C /* BusinessDataModel.swift */,
				24DA57692090D6B800D08D7C /* ImageDataModel.swift */,
			);
			path = "Data Model";
			sourceTree = "<group>";
		};
		9809FA112090AF480016C4B3 /* View Controller */ = {
			isa = PBXGroup;
			children = (
				9809F9E02090AE580016C4B3 /* ItemListViewController.swift */,
			);
			path = "View Controller";
			sourceTree = "<group>";
		};
		9809FA122090AF570016C4B3 /* View */ = {
			isa = PBXGroup;
			children = (
				9809FA152090B0070016C4B3 /* ItemListView.swift */,
				18AAC79F20A478A000F92EB4 /* ItemListView+collectionView.swift */,
				24DA576C2090E57100D08D7C /* Custom Cell */,
			);
			path = View;
			sourceTree = "<group>";
		};
		98A242252090B371003EBA15 /* Controller Service Manager */ = {
			isa = PBXGroup;
			children = (
				98A242262090B3AC003EBA15 /* ItemListViewControllerServiceManger.swift */,
			);
			path = "Controller Service Manager";
			sourceTree = "<group>";
		};
		98A242282090B4EE003EBA15 /* Web Service Client */ = {
			isa = PBXGroup;
			children = (
				98A242292090B516003EBA15 /* NetworkUtility.swift */,
				1038695B20B67A6500A83A74 /* WebServiceClient.swift */,
			);
			path = "Web Service Client";
			sourceTree = "<group>";
		};
		A3D52071712202554F0440EE /* Pods */ = {
			isa = PBXGroup;
			children = (
				D3AE9F0C1BCF601237AFF1E8 /* Pods-MachineTest.debug.xcconfig */,
				E94E2DDFBE3C985EB07E6290 /* Pods-MachineTest.release.xcconfig */,
			);
			name = Pods;
			sourceTree = "<group>";
		};
/* End PBXGroup section */

/* Begin PBXNativeTarget section */
		9809F9DA2090AE580016C4B3 /* MachineTest */ = {
			isa = PBXNativeTarget;
			buildConfigurationList = 9809FA062090AE590016C4B3 /* Build configuration list for PBXNativeTarget "MachineTest" */;
			buildPhases = (
				B47A861C6A140B781530AE9E /* [CP] Check Pods Manifest.lock */,
				9809F9D72090AE580016C4B3 /* Sources */,
				9809F9D82090AE580016C4B3 /* Frameworks */,
				9809F9D92090AE580016C4B3 /* Resources */,
				AE1121AE0F268F01EDB8345E /* [CP] Embed Pods Frameworks */,
				EC7FD9672CA99431B73EC95D /* [CP] Copy Pods Resources */,
			);
			buildRules = (
			);
			dependencies = (
			);
			name = MachineTest;
			productName = MachineTest;
			productReference = 9809F9DB2090AE580016C4B3 /* MachineTest.app */;
			productType = "com.apple.product-type.application";
		};
		9809F9F12090AE580016C4B3 /* MachineTestTests */ = {
			isa = PBXNativeTarget;
			buildConfigurationList = 9809FA092090AE590016C4B3 /* Build configuration list for PBXNativeTarget "MachineTestTests" */;
			buildPhases = (
				9809F9EE2090AE580016C4B3 /* Sources */,
				9809F9EF2090AE580016C4B3 /* Frameworks */,
				9809F9F02090AE580016C4B3 /* Resources */,
			);
			buildRules = (
			);
			dependencies = (
				9809F9F42090AE590016C4B3 /* PBXTargetDependency */,
			);
			name = MachineTestTests;
			productName = MachineTestTests;
			productReference = 9809F9F22090AE580016C4B3 /* MachineTestTests.xctest */;
			productType = "com.apple.product-type.bundle.unit-test";
		};
		9809F9FC2090AE590016C4B3 /* MachineTestUITests */ = {
			isa = PBXNativeTarget;
			buildConfigurationList = 9809FA0C2090AE590016C4B3 /* Build configuration list for PBXNativeTarget "MachineTestUITests" */;
			buildPhases = (
				9809F9F92090AE590016C4B3 /* Sources */,
				9809F9FA2090AE590016C4B3 /* Frameworks */,
				9809F9FB2090AE590016C4B3 /* Resources */,
			);
			buildRules = (
			);
			dependencies = (
				9809F9FF2090AE590016C4B3 /* PBXTargetDependency */,
			);
			name = MachineTestUITests;
			productName = MachineTestUITests;
			productReference = 9809F9FD2090AE590016C4B3 /* MachineTestUITests.xctest */;
			productType = "com.apple.product-type.bundle.ui-testing";
		};
/* End PBXNativeTarget section */

/* Begin PBXProject section */
		9809F9D32090AE570016C4B3 /* Project object */ = {
			isa = PBXProject;
			attributes = {
				LastSwiftUpdateCheck = 0900;
				LastUpgradeCheck = 0900;
				ORGANIZATIONNAME = "mac min ";
				TargetAttributes = {
					9809F9DA2090AE580016C4B3 = {
						CreatedOnToolsVersion = 9.0;
						ProvisioningStyle = Automatic;
					};
					9809F9F12090AE580016C4B3 = {
						CreatedOnToolsVersion = 9.0;
						LastSwiftMigration = 0920;
						ProvisioningStyle = Automatic;
						TestTargetID = 9809F9DA2090AE580016C4B3;
					};
					9809F9FC2090AE590016C4B3 = {
						CreatedOnToolsVersion = 9.0;
						ProvisioningStyle = Automatic;
						TestTargetID = 9809F9DA2090AE580016C4B3;
					};
				};
			};
			buildConfigurationList = 9809F9D62090AE570016C4B3 /* Build configuration list for PBXProject "MachineTest" */;
			compatibilityVersion = "Xcode 8.0";
			developmentRegion = en;
			hasScannedForEncodings = 0;
			knownRegions = (
				en,
				Base,
			);
			mainGroup = 9809F9D22090AE570016C4B3;
			productRefGroup = 9809F9DC2090AE580016C4B3 /* Products */;
			projectDirPath = "";
			projectRoot = "";
			targets = (
				9809F9DA2090AE580016C4B3 /* MachineTest */,
				9809F9F12090AE580016C4B3 /* MachineTestTests */,
				9809F9FC2090AE590016C4B3 /* MachineTestUITests */,
			);
		};
/* End PBXProject section */

/* Begin PBXResourcesBuildPhase section */
		9809F9D92090AE580016C4B3 /* Resources */ = {
			isa = PBXResourcesBuildPhase;
			buildActionMask = 2147483647;
			files = (
				24DA57782090EDA600D08D7C /* HeaderCell.xib in Resources */,
				9809F9EC2090AE580016C4B3 /* LaunchScreen.storyboard in Resources */,
				24DA57762090ED7800D08D7C /* FooterCell.xib in Resources */,
				9809F9E92090AE580016C4B3 /* Assets.xcassets in Resources */,
				9809F9E42090AE580016C4B3 /* Main.storyboard in Resources */,
			);
			runOnlyForDeploymentPostprocessing = 0;
		};
		9809F9F02090AE580016C4B3 /* Resources */ = {
			isa = PBXResourcesBuildPhase;
			buildActionMask = 2147483647;
			files = (
			);
			runOnlyForDeploymentPostprocessing = 0;
		};
		9809F9FB2090AE590016C4B3 /* Resources */ = {
			isa = PBXResourcesBuildPhase;
			buildActionMask = 2147483647;
			files = (
			);
			runOnlyForDeploymentPostprocessing = 0;
		};
/* End PBXResourcesBuildPhase section */

/* Begin PBXShellScriptBuildPhase section */
		AE1121AE0F268F01EDB8345E /* [CP] Embed Pods Frameworks */ = {
			isa = PBXShellScriptBuildPhase;
			buildActionMask = 2147483647;
			files = (
			);
			inputPaths = (
				"${SRCROOT}/Pods/Target Support Files/Pods-MachineTest/Pods-MachineTest-frameworks.sh",
				"${BUILT_PRODUCTS_DIR}/Kingfisher/Kingfisher.framework",
			);
			name = "[CP] Embed Pods Frameworks";
			outputPaths = (
				"${TARGET_BUILD_DIR}/${FRAMEWORKS_FOLDER_PATH}/Kingfisher.framework",
			);
			runOnlyForDeploymentPostprocessing = 0;
			shellPath = /bin/sh;
			shellScript = "\"${SRCROOT}/Pods/Target Support Files/Pods-MachineTest/Pods-MachineTest-frameworks.sh\"\n";
			showEnvVarsInLog = 0;
		};
		B47A861C6A140B781530AE9E /* [CP] Check Pods Manifest.lock */ = {
			isa = PBXShellScriptBuildPhase;
			buildActionMask = 2147483647;
			files = (
			);
			inputPaths = (
				"${PODS_PODFILE_DIR_PATH}/Podfile.lock",
				"${PODS_ROOT}/Manifest.lock",
			);
			name = "[CP] Check Pods Manifest.lock";
			outputPaths = (
				"$(DERIVED_FILE_DIR)/Pods-MachineTest-checkManifestLockResult.txt",
			);
			runOnlyForDeploymentPostprocessing = 0;
			shellPath = /bin/sh;
			shellScript = "diff \"${PODS_PODFILE_DIR_PATH}/Podfile.lock\" \"${PODS_ROOT}/Manifest.lock\" > /dev/null\nif [ $? != 0 ] ; then\n    # print error to STDERR\n    echo \"error: The sandbox is not in sync with the Podfile.lock. Run 'pod install' or update your CocoaPods installation.\" >&2\n    exit 1\nfi\n# This output is used by Xcode 'outputs' to avoid re-running this script phase.\necho \"SUCCESS\" > \"${SCRIPT_OUTPUT_FILE_0}\"\n";
			showEnvVarsInLog = 0;
		};
		EC7FD9672CA99431B73EC95D /* [CP] Copy Pods Resources */ = {
			isa = PBXShellScriptBuildPhase;
			buildActionMask = 2147483647;
			files = (
			);
			inputPaths = (
			);
			name = "[CP] Copy Pods Resources";
			outputPaths = (
			);
			runOnlyForDeploymentPostprocessing = 0;
			shellPath = /bin/sh;
			shellScript = "\"${SRCROOT}/Pods/Target Support Files/Pods-MachineTest/Pods-MachineTest-resources.sh\"\n";
			showEnvVarsInLog = 0;
		};
/* End PBXShellScriptBuildPhase section */

/* Begin PBXSourcesBuildPhase section */
		9809F9D72090AE580016C4B3 /* Sources */ = {
			isa = PBXSourcesBuildPhase;
			buildActionMask = 2147483647;
			files = (
				24DA57672090C7E100D08D7C /* ItemDataModel.swift in Sources */,
				24DA576E2090E59700D08D7C /* ItemCollectionViewCell.swift in Sources */,
				24DA576B2090D6B800D08D7C /* ImageDataModel.swift in Sources */,
				24DA576A2090D6B800D08D7C /* BusinessDataModel.swift in Sources */,
				24DA57702090E81B00D08D7C /* HeaderCell.swift in Sources */,
				98A2422C2090B7F6003EBA15 /* Utility.swift in Sources */,
				1056CA0A20B57A370052BB66 /* Result.swift in Sources */,
				24DA57722090ED3F00D08D7C /* FooterCell.swift in Sources */,
				1038695C20B67A6500A83A74 /* WebServiceClient.swift in Sources */,
				18BE6C8F20ADB7F000E4F3C4 /* CodableModel.swift in Sources */,
				18AAC7A020A478A100F92EB4 /* ItemListView+collectionView.swift in Sources */,
				1038695E20B67BEB00A83A74 /* Constant.swift in Sources */,
				98A2422A2090B516003EBA15 /* NetworkUtility.swift in Sources */,
				9809F9E12090AE580016C4B3 /* ItemListViewController.swift in Sources */,
				18B1EA9E20A45D33009E175B /* APIResponseClient.swift in Sources */,
				98A242272090B3AC003EBA15 /* ItemListViewControllerServiceManger.swift in Sources */,
				9809F9DF2090AE580016C4B3 /* AppDelegate.swift in Sources */,
				9809FA162090B0070016C4B3 /* ItemListView.swift in Sources */,
			);
			runOnlyForDeploymentPostprocessing = 0;
		};
		9809F9EE2090AE580016C4B3 /* Sources */ = {
			isa = PBXSourcesBuildPhase;
			buildActionMask = 2147483647;
			files = (
				9809F9F72090AE590016C4B3 /* MachineTestTests.swift in Sources */,
			);
			runOnlyForDeploymentPostprocessing = 0;
		};
		9809F9F92090AE590016C4B3 /* Sources */ = {
			isa = PBXSourcesBuildPhase;
			buildActionMask = 2147483647;
			files = (
				9809FA022090AE590016C4B3 /* MachineTestUITests.swift in Sources */,
			);
			runOnlyForDeploymentPostprocessing = 0;
		};
/* End PBXSourcesBuildPhase section */

/* Begin PBXTargetDependency section */
		9809F9F42090AE590016C4B3 /* PBXTargetDependency */ = {
			isa = PBXTargetDependency;
			target = 9809F9DA2090AE580016C4B3 /* MachineTest */;
			targetProxy = 9809F9F32090AE590016C4B3 /* PBXContainerItemProxy */;
		};
		9809F9FF2090AE590016C4B3 /* PBXTargetDependency */ = {
			isa = PBXTargetDependency;
			target = 9809F9DA2090AE580016C4B3 /* MachineTest */;
			targetProxy = 9809F9FE2090AE590016C4B3 /* PBXContainerItemProxy */;
		};
/* End PBXTargetDependency section */

/* Begin PBXVariantGroup section */
		9809F9E22090AE580016C4B3 /* Main.storyboard */ = {
			isa = PBXVariantGroup;
			children = (
				9809F9E32090AE580016C4B3 /* Base */,
			);
			name = Main.storyboard;
			sourceTree = "<group>";
		};
		9809F9EA2090AE580016C4B3 /* LaunchScreen.storyboard */ = {
			isa = PBXVariantGroup;
			children = (
				9809F9EB2090AE580016C4B3 /* Base */,
			);
			name = LaunchScreen.storyboard;
			sourceTree = "<group>";
		};
/* End PBXVariantGroup section */

/* Begin XCBuildConfiguration section */
		9809FA042090AE590016C4B3 /* Debug */ = {
			isa = XCBuildConfiguration;
			buildSettings = {
				ALWAYS_SEARCH_USER_PATHS = NO;
				CLANG_ANALYZER_NONNULL = YES;
				CLANG_ANALYZER_NUMBER_OBJECT_CONVERSION = YES_AGGRESSIVE;
				CLANG_CXX_LANGUAGE_STANDARD = "gnu++14";
				CLANG_CXX_LIBRARY = "libc++";
				CLANG_ENABLE_MODULES = YES;
				CLANG_ENABLE_OBJC_ARC = YES;
				CLANG_WARN_BLOCK_CAPTURE_AUTORELEASING = YES;
				CLANG_WARN_BOOL_CONVERSION = YES;
				CLANG_WARN_COMMA = YES;
				CLANG_WARN_CONSTANT_CONVERSION = YES;
				CLANG_WARN_DIRECT_OBJC_ISA_USAGE = YES_ERROR;
				CLANG_WARN_DOCUMENTATION_COMMENTS = YES;
				CLANG_WARN_EMPTY_BODY = YES;
				CLANG_WARN_ENUM_CONVERSION = YES;
				CLANG_WARN_INFINITE_RECURSION = YES;
				CLANG_WARN_INT_CONVERSION = YES;
				CLANG_WARN_NON_LITERAL_NULL_CONVERSION = YES;
				CLANG_WARN_OBJC_LITERAL_CONVERSION = YES;
				CLANG_WARN_OBJC_ROOT_CLASS = YES_ERROR;
				CLANG_WARN_RANGE_LOOP_ANALYSIS = YES;
				CLANG_WARN_STRICT_PROTOTYPES = YES;
				CLANG_WARN_SUSPICIOUS_MOVE = YES;
				CLANG_WARN_UNGUARDED_AVAILABILITY = YES_AGGRESSIVE;
				CLANG_WARN_UNREACHABLE_CODE = YES;
				CLANG_WARN__DUPLICATE_METHOD_MATCH = YES;
				CODE_SIGN_IDENTITY = "iPhone Developer";
				COPY_PHASE_STRIP = NO;
				DEBUG_INFORMATION_FORMAT = dwarf;
				ENABLE_STRICT_OBJC_MSGSEND = YES;
				ENABLE_TESTABILITY = YES;
				GCC_C_LANGUAGE_STANDARD = gnu11;
				GCC_DYNAMIC_NO_PIC = NO;
				GCC_NO_COMMON_BLOCKS = YES;
				GCC_OPTIMIZATION_LEVEL = 0;
				GCC_PREPROCESSOR_DEFINITIONS = (
					"DEBUG=1",
					"$(inherited)",
				);
				GCC_WARN_64_TO_32_BIT_CONVERSION = YES;
				GCC_WARN_ABOUT_RETURN_TYPE = YES_ERROR;
				GCC_WARN_UNDECLARED_SELECTOR = YES;
				GCC_WARN_UNINITIALIZED_AUTOS = YES_AGGRESSIVE;
				GCC_WARN_UNUSED_FUNCTION = YES;
				GCC_WARN_UNUSED_VARIABLE = YES;
				IPHONEOS_DEPLOYMENT_TARGET = 11.0;
				MTL_ENABLE_DEBUG_INFO = YES;
				ONLY_ACTIVE_ARCH = YES;
				SDKROOT = iphoneos;
				SWIFT_ACTIVE_COMPILATION_CONDITIONS = DEBUG;
				SWIFT_OPTIMIZATION_LEVEL = "-Onone";
			};
			name = Debug;
		};
		9809FA052090AE590016C4B3 /* Release */ = {
			isa = XCBuildConfiguration;
			buildSettings = {
				ALWAYS_SEARCH_USER_PATHS = NO;
				CLANG_ANALYZER_NONNULL = YES;
				CLANG_ANALYZER_NUMBER_OBJECT_CONVERSION = YES_AGGRESSIVE;
				CLANG_CXX_LANGUAGE_STANDARD = "gnu++14";
				CLANG_CXX_LIBRARY = "libc++";
				CLANG_ENABLE_MODULES = YES;
				CLANG_ENABLE_OBJC_ARC = YES;
				CLANG_WARN_BLOCK_CAPTURE_AUTORELEASING = YES;
				CLANG_WARN_BOOL_CONVERSION = YES;
				CLANG_WARN_COMMA = YES;
				CLANG_WARN_CONSTANT_CONVERSION = YES;
				CLANG_WARN_DIRECT_OBJC_ISA_USAGE = YES_ERROR;
				CLANG_WARN_DOCUMENTATION_COMMENTS = YES;
				CLANG_WARN_EMPTY_BODY = YES;
				CLANG_WARN_ENUM_CONVERSION = YES;
				CLANG_WARN_INFINITE_RECURSION = YES;
				CLANG_WARN_INT_CONVERSION = YES;
				CLANG_WARN_NON_LITERAL_NULL_CONVERSION = YES;
				CLANG_WARN_OBJC_LITERAL_CONVERSION = YES;
				CLANG_WARN_OBJC_ROOT_CLASS = YES_ERROR;
				CLANG_WARN_RANGE_LOOP_ANALYSIS = YES;
				CLANG_WARN_STRICT_PROTOTYPES = YES;
				CLANG_WARN_SUSPICIOUS_MOVE = YES;
				CLANG_WARN_UNGUARDED_AVAILABILITY = YES_AGGRESSIVE;
				CLANG_WARN_UNREACHABLE_CODE = YES;
				CLANG_WARN__DUPLICATE_METHOD_MATCH = YES;
				CODE_SIGN_IDENTITY = "iPhone Developer";
				COPY_PHASE_STRIP = NO;
				DEBUG_INFORMATION_FORMAT = "dwarf-with-dsym";
				ENABLE_NS_ASSERTIONS = NO;
				ENABLE_STRICT_OBJC_MSGSEND = YES;
				GCC_C_LANGUAGE_STANDARD = gnu11;
				GCC_NO_COMMON_BLOCKS = YES;
				GCC_WARN_64_TO_32_BIT_CONVERSION = YES;
				GCC_WARN_ABOUT_RETURN_TYPE = YES_ERROR;
				GCC_WARN_UNDECLARED_SELECTOR = YES;
				GCC_WARN_UNINITIALIZED_AUTOS = YES_AGGRESSIVE;
				GCC_WARN_UNUSED_FUNCTION = YES;
				GCC_WARN_UNUSED_VARIABLE = YES;
				IPHONEOS_DEPLOYMENT_TARGET = 11.0;
				MTL_ENABLE_DEBUG_INFO = NO;
				SDKROOT = iphoneos;
				SWIFT_OPTIMIZATION_LEVEL = "-Owholemodule";
				VALIDATE_PRODUCT = YES;
			};
			name = Release;
		};
		9809FA072090AE590016C4B3 /* Debug */ = {
			isa = XCBuildConfiguration;
			baseConfigurationReference = D3AE9F0C1BCF601237AFF1E8 /* Pods-MachineTest.debug.xcconfig */;
			buildSettings = {
				ASSETCATALOG_COMPILER_APPICON_NAME = AppIcon;
				CODE_SIGN_STYLE = Automatic;
				INFOPLIST_FILE = MachineTest/Info.plist;
				LD_RUNPATH_SEARCH_PATHS = "$(inherited) @executable_path/Frameworks";
				PRODUCT_BUNDLE_IDENTIFIER = ios.av.1.MachineTest;
				PRODUCT_NAME = "$(TARGET_NAME)";
				SWIFT_VERSION = 4.0;
				TARGETED_DEVICE_FAMILY = "1,2";
			};
			name = Debug;
		};
		9809FA082090AE590016C4B3 /* Release */ = {
			isa = XCBuildConfiguration;
			baseConfigurationReference = E94E2DDFBE3C985EB07E6290 /* Pods-MachineTest.release.xcconfig */;
			buildSettings = {
				ASSETCATALOG_COMPILER_APPICON_NAME = AppIcon;
				CODE_SIGN_STYLE = Automatic;
				INFOPLIST_FILE = MachineTest/Info.plist;
				LD_RUNPATH_SEARCH_PATHS = "$(inherited) @executable_path/Frameworks";
				PRODUCT_BUNDLE_IDENTIFIER = ios.av.1.MachineTest;
				PRODUCT_NAME = "$(TARGET_NAME)";
				SWIFT_VERSION = 4.0;
				TARGETED_DEVICE_FAMILY = "1,2";
			};
			name = Release;
		};
		9809FA0A2090AE590016C4B3 /* Debug */ = {
			isa = XCBuildConfiguration;
			buildSettings = {
				ALWAYS_EMBED_SWIFT_STANDARD_LIBRARIES = YES;
				BUNDLE_LOADER = "$(TEST_HOST)";
				CLANG_ENABLE_MODULES = YES;
				CODE_SIGN_STYLE = Automatic;
				INFOPLIST_FILE = MachineTestTests/Info.plist;
				LD_RUNPATH_SEARCH_PATHS = "$(inherited) @executable_path/Frameworks @loader_path/Frameworks";
				PRODUCT_BUNDLE_IDENTIFIER = ios.av.1.MachineTestTests;
				PRODUCT_NAME = "$(TARGET_NAME)";
				SWIFT_OBJC_BRIDGING_HEADER = "MachineTest/Data Model/MachineTestTests-Bridging-Header.h";
				SWIFT_OPTIMIZATION_LEVEL = "-Onone";
				SWIFT_VERSION = 4.0;
				TARGETED_DEVICE_FAMILY = "1,2";
				TEST_HOST = "$(BUILT_PRODUCTS_DIR)/MachineTest.app/MachineTest";
			};
			name = Debug;
		};
		9809FA0B2090AE590016C4B3 /* Release */ = {
			isa = XCBuildConfiguration;
			buildSettings = {
				ALWAYS_EMBED_SWIFT_STANDARD_LIBRARIES = YES;
				BUNDLE_LOADER = "$(TEST_HOST)";
				CLANG_ENABLE_MODULES = YES;
				CODE_SIGN_STYLE = Automatic;
				INFOPLIST_FILE = MachineTestTests/Info.plist;
				LD_RUNPATH_SEARCH_PATHS = "$(inherited) @executable_path/Frameworks @loader_path/Frameworks";
				PRODUCT_BUNDLE_IDENTIFIER = ios.av.1.MachineTestTests;
				PRODUCT_NAME = "$(TARGET_NAME)";
				SWIFT_OBJC_BRIDGING_HEADER = "MachineTest/Data Model/MachineTestTests-Bridging-Header.h";
				SWIFT_VERSION = 4.0;
				TARGETED_DEVICE_FAMILY = "1,2";
				TEST_HOST = "$(BUILT_PRODUCTS_DIR)/MachineTest.app/MachineTest";
			};
			name = Release;
		};
		9809FA0D2090AE590016C4B3 /* Debug */ = {
			isa = XCBuildConfiguration;
			buildSettings = {
				ALWAYS_EMBED_SWIFT_STANDARD_LIBRARIES = YES;
				CODE_SIGN_STYLE = Automatic;
				INFOPLIST_FILE = MachineTestUITests/Info.plist;
				LD_RUNPATH_SEARCH_PATHS = "$(inherited) @executable_path/Frameworks @loader_path/Frameworks";
				PRODUCT_BUNDLE_IDENTIFIER = ios.av.1.MachineTestUITests;
				PRODUCT_NAME = "$(TARGET_NAME)";
				SWIFT_VERSION = 4.0;
				TARGETED_DEVICE_FAMILY = "1,2";
				TEST_TARGET_NAME = MachineTest;
			};
			name = Debug;
		};
		9809FA0E2090AE590016C4B3 /* Release */ = {
			isa = XCBuildConfiguration;
			buildSettings = {
				ALWAYS_EMBED_SWIFT_STANDARD_LIBRARIES = YES;
				CODE_SIGN_STYLE = Automatic;
				INFOPLIST_FILE = MachineTestUITests/Info.plist;
				LD_RUNPATH_SEARCH_PATHS = "$(inherited) @executable_path/Frameworks @loader_path/Frameworks";
				PRODUCT_BUNDLE_IDENTIFIER = ios.av.1.MachineTestUITests;
				PRODUCT_NAME = "$(TARGET_NAME)";
				SWIFT_VERSION = 4.0;
				TARGETED_DEVICE_FAMILY = "1,2";
				TEST_TARGET_NAME = MachineTest;
			};
			name = Release;
		};
/* End XCBuildConfiguration section */

/* Begin XCConfigurationList section */
		9809F9D62090AE570016C4B3 /* Build configuration list for PBXProject "MachineTest" */ = {
			isa = XCConfigurationList;
			buildConfigurations = (
				9809FA042090AE590016C4B3 /* Debug */,
				9809FA052090AE590016C4B3 /* Release */,
			);
			defaultConfigurationIsVisible = 0;
			defaultConfigurationName = Release;
		};
		9809FA062090AE590016C4B3 /* Build configuration list for PBXNativeTarget "MachineTest" */ = {
			isa = XCConfigurationList;
			buildConfigurations = (
				9809FA072090AE590016C4B3 /* Debug */,
				9809FA082090AE590016C4B3 /* Release */,
			);
			defaultConfigurationIsVisible = 0;
			defaultConfigurationName = Release;
		};
		9809FA092090AE590016C4B3 /* Build configuration list for PBXNativeTarget "MachineTestTests" */ = {
			isa = XCConfigurationList;
			buildConfigurations = (
				9809FA0A2090AE590016C4B3 /* Debug */,
				9809FA0B2090AE590016C4B3 /* Release */,
			);
			defaultConfigurationIsVisible = 0;
			defaultConfigurationName = Release;
		};
		9809FA0C2090AE590016C4B3 /* Build configuration list for PBXNativeTarget "MachineTestUITests" */ = {
			isa = XCConfigurationList;
			buildConfigurations = (
				9809FA0D2090AE590016C4B3 /* Debug */,
				9809FA0E2090AE590016C4B3 /* Release */,
			);
			defaultConfigurationIsVisible = 0;
			defaultConfigurationName = Release;
		};
/* End XCConfigurationList section */
	};
	rootObject = 9809F9D32090AE570016C4B3 /* Project object */;
}
